<?xml version="1.0" encoding="utf-8"?>
<Project ToolsVersion="4.0" xmlns="http://schemas.microsoft.com/developer/msbuild/2003">
  <ItemGroup>
    <Filter Include="ソース ファイル">
      <UniqueIdentifier>{4FC737F1-C7A5-4376-A066-2A32D752A2FF}</UniqueIdentifier>
      <Extensions>cpp;c;cc;cxx;def;odl;idl;hpj;bat;asm;asmx</Extensions>
    </Filter>
    <Filter Include="ヘッダー ファイル">
      <UniqueIdentifier>{93995380-89BD-4b04-88EB-625FBE52EBFB}</UniqueIdentifier>
      <Extensions>h;hh;hpp;hxx;hm;inl;inc;ipp;xsd</Extensions>
    </Filter>
    <Filter Include="リソース ファイル">
      <UniqueIdentifier>{67DA6AB6-F800-4c08-8B7A-83BB121AAD01}</UniqueIdentifier>
      <Extensions>rc;ico;cur;bmp;dlg;rc2;rct;bin;rgs;gif;jpg;jpeg;jpe;resx;tiff;tif;png;wav;mfcribbon-ms</Extensions>
    </Filter>
    <Filter Include="Base">
      <UniqueIdentifier>{a3f8dcd7-7302-44b7-9b5c-24e7c21c94c5}</UniqueIdentifier>
    </Filter>
    <Filter Include="Voice">
      <UniqueIdentifier>{84039569-4f4b-428b-ae35-2ba57618727f}</UniqueIdentifier>
    </Filter>
    <Filter Include="XAudio2">
      <UniqueIdentifier>{b53d9a57-6b04-4354-b135-d35836d5bede}</UniqueIdentifier>
    </Filter>
    <Filter Include="Loader">
      <UniqueIdentifier>{1bbb3b0a-8bee-472c-ace2-2829c4b58088}</UniqueIdentifier>
    </Filter>
    <Filter Include="Func">
      <UniqueIdentifier>{359c2b02-2c4e-41d2-b41b-ec9f57b23495}</UniqueIdentifier>
    </Filter>
  </ItemGroup>
  <ItemGroup>
    <ClCompile Include="Main.cpp">
      <Filter>ソース ファイル</Filter>
    </ClCompile>
    <ClCompile Include="XAudio2\XAudio2.cpp">
      <Filter>XAudio2</Filter>
    </ClCompile>
    <ClCompile Include="Voice.cpp">
      <Filter>Voice</Filter>
    </ClCompile>
    <ClCompile Include="Loader\Loader.cpp">
      <Filter>Loader</Filter>
    </ClCompile>
    <ClCompile Include="Func.cpp">
      <Filter>Func</Filter>
    </ClCompile>
  </ItemGroup>
  <ItemGroup>
    <ClInclude Include="Base\Singleton.h">
      <Filter>Base</Filter>
    </ClInclude>
    <ClInclude Include="XAudio2\XAudio2.h">
      <Filter>XAudio2</Filter>
    </ClInclude>
    <ClInclude Include="Voice.h">
      <Filter>Voice</Filter>
    </ClInclude>
    <ClInclude Include="Info.h">
      <Filter>ヘッダー ファイル</Filter>
    </ClInclude>
    <ClInclude Include="Loader\Loader.h">
      <Filter>Loader</Filter>
    </ClInclude>
    <ClInclude Include="WavFmt.h">
      <Filter>ヘッダー ファイル</Filter>
    </ClInclude>
    <ClInclude Include="XAudio2\VoiceCallback.h">
      <Filter>XAudio2</Filter>
    </ClInclude>
    <ClInclude Include="Func.h">
      <Filter>Func</Filter>
    </ClInclude>
  </ItemGroup>
</Project>